
Microsoft Visual Studio Solution File, Format Version 12.00
# Visual Studio Version 17
VisualStudioVersion = 17.4.33403.182
MinimumVisualStudioVersion = 10.0.40219.1
Project("{9A19103F-16F7-4668-BE54-9A1E7A4F7556}") = "TatBlog.Core", "TatBlog.Core\TatBlog.Core.csproj", "{DDB18FC7-5729-4681-8048-C6EE1AF1B5FC}"
EndProject
Project("{9A19103F-16F7-4668-BE54-9A1E7A4F7556}") = "TatBlog.Data", "TatBlog.Data\TatBlog.Data.csproj", "{51D2830A-4C14-4BC4-A022-BA27163BFF19}"
EndProject
Project("{9A19103F-16F7-4668-BE54-9A1E7A4F7556}") = "TatBlog.Services", "TatBlog.Services\TatBlog.Services.csproj", "{A927A080-0E19-4662-9E26-B6B885564FC7}"
EndProject
Project("{9A19103F-16F7-4668-BE54-9A1E7A4F7556}") = "TatBlog.WinApp", "TatBlog.WinApp\TatBlog.WinApp.csproj", "{34399017-A8CD-40C2-ABA4-800080BD3D45}"
EndProject
Project("{9A19103F-16F7-4668-BE54-9A1E7A4F7556}") = "TatBlog.WebApp", "TatBlog.WebApp\TatBlog.WebApp.csproj", "{309DE95A-BF28-4EEE-ABEA-297B520163F0}"
EndProject
Global
	GlobalSection(SolutionConfigurationPlatforms) = preSolution
		Debug|Any CPU = Debug|Any CPU
		Release|Any CPU = Release|Any CPU
	EndGlobalSection
	GlobalSection(ProjectConfigurationPlatforms) = postSolution
		{DDB18FC7-5729-4681-8048-C6EE1AF1B5FC}.Debug|Any CPU.ActiveCfg = Debug|Any CPU
		{DDB18FC7-5729-4681-8048-C6EE1AF1B5FC}.Debug|Any CPU.Build.0 = Debug|Any CPU
		{DDB18FC7-5729-4681-8048-C6EE1AF1B5FC}.Release|Any CPU.ActiveCfg = Release|Any CPU
		{DDB18FC7-5729-4681-8048-C6EE1AF1B5FC}.Release|Any CPU.Build.0 = Release|Any CPU
		{51D2830A-4C14-4BC4-A022-BA27163BFF19}.Debug|Any CPU.ActiveCfg = Debug|Any CPU
		{51D2830A-4C14-4BC4-A022-BA27163BFF19}.Debug|Any CPU.Build.0 = Debug|Any CPU
		{51D2830A-4C14-4BC4-A022-BA27163BFF19}.Release|Any CPU.ActiveCfg = Release|Any CPU
		{51D2830A-4C14-4BC4-A022-BA27163BFF19}.Release|Any CPU.Build.0 = Release|Any CPU
		{A927A080-0E19-4662-9E26-B6B885564FC7}.Debug|Any CPU.ActiveCfg = Debug|Any CPU
		{A927A080-0E19-4662-9E26-B6B885564FC7}.Debug|Any CPU.Build.0 = Debug|Any CPU
		{A927A080-0E19-4662-9E26-B6B885564FC7}.Release|Any CPU.ActiveCfg = Release|Any CPU
		{A927A080-0E19-4662-9E26-B6B885564FC7}.Release|Any CPU.Build.0 = Release|Any CPU
		{34399017-A8CD-40C2-ABA4-800080BD3D45}.Debug|Any CPU.ActiveCfg = Debug|Any CPU
		{34399017-A8CD-40C2-ABA4-800080BD3D45}.Debug|Any CPU.Build.0 = Debug|Any CPU
		{34399017-A8CD-40C2-ABA4-800080BD3D45}.Release|Any CPU.ActiveCfg = Release|Any CPU
		{34399017-A8CD-40C2-ABA4-800080BD3D45}.Release|Any CPU.Build.0 = Release|Any CPU
		{309DE95A-BF28-4EEE-ABEA-297B520163F0}.Debug|Any CPU.ActiveCfg = Debug|Any CPU
		{309DE95A-BF28-4EEE-ABEA-297B520163F0}.Debug|Any CPU.Build.0 = Debug|Any CPU
		{309DE95A-BF28-4EEE-ABEA-297B520163F0}.Release|Any CPU.ActiveCfg = Release|Any CPU
		{309DE95A-BF28-4EEE-ABEA-297B520163F0}.Release|Any CPU.Build.0 = Release|Any CPU
	EndGlobalSection
	GlobalSection(SolutionProperties) = preSolution
		HideSolutionNode = FALSE
	EndGlobalSection
	GlobalSection(ExtensibilityGlobals) = postSolution
		SolutionGuid = {ED09D5A9-ED5A-413C-8926-E11CA0557B74}
	EndGlobalSection
EndGlobal
